
Microsoft Visual Studio Solution File, Format Version 12.00
# Visual Studio Version 16
VisualStudioVersion = 25.0.1706.13
MinimumVisualStudioVersion = 10.0.40219.1
Project("{FAE04EC0-301F-11D3-BF4B-00C04F79EFBC}") = "OnlineShop_Domain", "OnlineShop_Domain\OnlineShop_Domain.csproj", "{0CF72FB5-3C7E-48A2-914E-77C61F72CF6D}"
EndProject
Project("{FAE04EC0-301F-11D3-BF4B-00C04F79EFBC}") = "OnlineShop_DataAccess", "OnlineShop_DataAccess\OnlineShop_DataAccess.csproj", "{B79008B7-70E6-45B2-8961-2D7D9275E34A}"
EndProject
Project("{FAE04EC0-301F-11D3-BF4B-00C04F79EFBC}") = "OnlineShop_MVC", "OnlineShop_MVC\OnlineShop_MVC.csproj", "{A08F937F-8410-4491-B357-A705ED0DFF39}"
EndProject
Global
	GlobalSection(SolutionConfigurationPlatforms) = preSolution
		Debug|Any CPU = Debug|Any CPU
		Release|Any CPU = Release|Any CPU
	EndGlobalSection
	GlobalSection(ProjectConfigurationPlatforms) = postSolution
		{0CF72FB5-3C7E-48A2-914E-77C61F72CF6D}.Debug|Any CPU.ActiveCfg = Debug|Any CPU
		{0CF72FB5-3C7E-48A2-914E-77C61F72CF6D}.Debug|Any CPU.Build.0 = Debug|Any CPU
		{0CF72FB5-3C7E-48A2-914E-77C61F72CF6D}.Release|Any CPU.ActiveCfg = Release|Any CPU
		{0CF72FB5-3C7E-48A2-914E-77C61F72CF6D}.Release|Any CPU.Build.0 = Release|Any CPU
		{B79008B7-70E6-45B2-8961-2D7D9275E34A}.Debug|Any CPU.ActiveCfg = Debug|Any CPU
		{B79008B7-70E6-45B2-8961-2D7D9275E34A}.Debug|Any CPU.Build.0 = Debug|Any CPU
		{B79008B7-70E6-45B2-8961-2D7D9275E34A}.Release|Any CPU.ActiveCfg = Release|Any CPU
		{B79008B7-70E6-45B2-8961-2D7D9275E34A}.Release|Any CPU.Build.0 = Release|Any CPU
		{A08F937F-8410-4491-B357-A705ED0DFF39}.Debug|Any CPU.ActiveCfg = Debug|Any CPU
		{A08F937F-8410-4491-B357-A705ED0DFF39}.Debug|Any CPU.Build.0 = Debug|Any CPU
		{A08F937F-8410-4491-B357-A705ED0DFF39}.Release|Any CPU.ActiveCfg = Release|Any CPU
		{A08F937F-8410-4491-B357-A705ED0DFF39}.Release|Any CPU.Build.0 = Release|Any CPU
	EndGlobalSection
	GlobalSection(SolutionProperties) = preSolution
		HideSolutionNode = FALSE
	EndGlobalSection
	GlobalSection(ExtensibilityGlobals) = postSolution
		SolutionGuid = {EF17F550-22E4-413A-9701-242F3C3E6EC1}
	EndGlobalSection
EndGlobal
